# This file is automatically @generated by Poetry 2.3.0 and should not be changed by hand.

[[package]]
name = "asgiref"
version = "3.11.0"
description = "ASGI specs, helper code, and adapters"
optional = false
python-versions = ">=3.9"
groups = ["main"]
files = [
    {file = "asgiref-3.11.0-py3-none-any.whl", hash = "sha256:1db9021efadb0d9512ce8ffaf72fcef601c7b73a8807a1bb2ef143dc6b14846d"},
    {file = "asgiref-3.11.0.tar.gz", hash = "sha256:13acff32519542a1736223fb79a715acdebe24286d98e8b164a73085f40da2c4"},
]

[package.extras]
tests = ["mypy (>=1.14.0)", "pytest", "pytest-asyncio"]

[[package]]
name = "django"
version = "6.0.1"
description = "A high-level Python web framework that encourages rapid development and clean, pragmatic design."
optional = false
python-versions = ">=3.12"
groups = ["main"]
files = [
    {file = "django-6.0.1-py3-none-any.whl", hash = "sha256:a92a4ff14f664a896f9849009cb8afaca7abe0d6fc53325f3d1895a15253433d"},
    {file = "django-6.0.1.tar.gz", hash = "sha256:ed76a7af4da21551573b3d9dfc1f53e20dd2e6c7d70a3adc93eedb6338130a5f"},
]

[package.dependencies]
asgiref = ">=3.9.1"
sqlparse = ">=0.5.0"
tzdata = {version = "*", markers = "sys_platform == \"win32\""}

[package.extras]
argon2 = ["argon2-cffi (>=23.1.0)"]
bcrypt = ["bcrypt (>=4.1.1)"]

[[package]]
name = "ruff"
version = "0.14.13"
description = "An extremely fast Python linter and code formatter, written in Rust."
optional = false
python-versions = ">=3.7"
groups = ["dev"]
files = [
    {file = "ruff-0.14.13-py3-none-linux_armv6l.whl", hash = "sha256:76f62c62cd37c276cb03a275b198c7c15bd1d60c989f944db08a8c1c2dbec18b"},
    {file = "ruff-0.14.13-py3-none-macosx_10_12_x86_64.whl", hash = "sha256:914a8023ece0528d5cc33f5a684f5f38199bbb566a04815c2c211d8f40b5d0ed"},
    {file = "ruff-0.14.13-py3-none-macosx_11_0_arm64.whl", hash = "sha256:d24899478c35ebfa730597a4a775d430ad0d5631b8647a3ab368c29b7e7bd063"},
    {file = "ruff-0.14.13-py3-none-manylinux_2_17_aarch64.manylinux2014_aarch64.whl", hash = "sha256:9aaf3870f14d925bbaf18b8a2347ee0ae7d95a2e490e4d4aea6813ed15ebc80e"},
    {file = "ruff-0.14.13-py3-none-manylinux_2_17_armv7l.manylinux2014_armv7l.whl", hash = "sha256:ac5b7f63dd3b27cc811850f5ffd8fff845b00ad70e60b043aabf8d6ecc304e09"},
    {file = "ruff-0.14.13-py3-none-manylinux_2_17_i686.manylinux2014_i686.whl", hash = "sha256:78d2b1097750d90ba82ce4ba676e85230a0ed694178ca5e61aa9b459970b3eb9"},
    {file = "ruff-0.14.13-py3-none-manylinux_2_17_ppc64.manylinux2014_ppc64.whl", hash = "sha256:7d0bf87705acbbcb8d4c24b2d77fbb73d40210a95c3903b443cd9e30824a5032"},
    {file = "ruff-0.14.13-py3-none-manylinux_2_17_ppc64le.manylinux2014_ppc64le.whl", hash = "sha256:a3eb5da8e2c9e9f13431032fdcbe7681de9ceda5835efee3269417c13f1fed5c"},
    {file = "ruff-0.14.13-py3-none-manylinux_2_17_s390x.manylinux2014_s390x.whl", hash = "sha256:642442b42957093811cd8d2140dfadd19c7417030a7a68cf8d51fcdd5f217427"},
    {file = "ruff-0.14.13-py3-none-manylinux_2_17_x86_64.manylinux2014_x86_64.whl", hash = "sha256:4acdf009f32b46f6e8864af19cbf6841eaaed8638e65c8dac845aea0d703c841"},
    {file = "ruff-0.14.13-py3-none-manylinux_2_31_riscv64.whl", hash = "sha256:591a7f68860ea4e003917d19b5c4f5ac39ff558f162dc753a2c5de897fd5502c"},
    {file = "ruff-0.14.13-py3-none-musllinux_1_2_aarch64.whl", hash = "sha256:774c77e841cc6e046fc3e91623ce0903d1cd07e3a36b1a9fe79b81dab3de506b"},
    {file = "ruff-0.14.13-py3-none-musllinux_1_2_armv7l.whl", hash = "sha256:61f4e40077a1248436772bb6512db5fc4457fe4c49e7a94ea7c5088655dd21ae"},
    {file = "ruff-0.14.13-py3-none-musllinux_1_2_i686.whl", hash = "sha256:6d02f1428357fae9e98ac7aa94b7e966fd24151088510d32cf6f902d6c09235e"},
    {file = "ruff-0.14.13-py3-none-musllinux_1_2_x86_64.whl", hash = "sha256:e399341472ce15237be0c0ae5fbceca4b04cd9bebab1a2b2c979e015455d8f0c"},
    {file = "ruff-0.14.13-py3-none-win32.whl", hash = "sha256:ef720f529aec113968b45dfdb838ac8934e519711da53a0456038a0efecbd680"},
    {file = "ruff-0.14.13-py3-none-win_amd64.whl", hash = "sha256:6070bd026e409734b9257e03e3ef18c6e1a216f0435c6751d7a8ec69cb59abef"},
    {file = "ruff-0.14.13-py3-none-win_arm64.whl", hash = "sha256:7ab819e14f1ad9fe39f246cfcc435880ef7a9390d81a2b6ac7e01039083dd247"},
    {file = "ruff-0.14.13.tar.gz", hash = "sha256:83cd6c0763190784b99650a20fec7633c59f6ebe41c5cc9d45ee42749563ad47"},
]

[[package]]
name = "sqlparse"
version = "0.5.5"
description = "A non-validating SQL parser."
optional = false
python-versions = ">=3.8"
groups = ["main"]
files = [
    {file = "sqlparse-0.5.5-py3-none-any.whl", hash = "sha256:12a08b3bf3eec877c519589833aed092e2444e68240a3577e8e26148acc7b1ba"},
    {file = "sqlparse-0.5.5.tar.gz", hash = "sha256:e20d4a9b0b8585fdf63b10d30066c7c94c5d7a7ec47c889a2d83a3caa93ff28e"},
]

[package.extras]
dev = ["build"]
doc = ["sphinx"]

[[package]]
name = "tzdata"
version = "2025.3"
description = "Provider of IANA time zone data"
optional = false
python-versions = ">=2"
groups = ["main"]
markers = "sys_platform == \"win32\""
files = [
    {file = "tzdata-2025.3-py2.py3-none-any.whl", hash = "sha256:06a47e5700f3081aab02b2e513160914ff0694bce9947d6b76ebd6bf57cfc5d1"},
    {file = "tzdata-2025.3.tar.gz", hash = "sha256:de39c2ca5dc7b0344f2eba86f49d614019d29f060fc4ebc8a417896a620b56a7"},
]

[metadata]
lock-version = "2.1"
python-versions = ">=3.12"
content-hash = "a0e23b6283f1494a7e3537b0240ad26f67bd20de00b9e4046a55f29bde01ea33"
